
Microsoft Visual Studio Solution File, Format Version 12.00
# Visual Studio Version 16
VisualStudioVersion = 16.0.30611.23
MinimumVisualStudioVersion = 10.0.40219.1
Project("{9A19103F-16F7-4668-BE54-9A1E7A4F7556}") = "DIO.Curso.API", "DIO.Curso.API\DIO.Curso.API.csproj", "{2795A0B4-837B-45EA-9101-909E8F020E1A}"
EndProject
Global
	GlobalSection(SolutionConfigurationPlatforms) = preSolution
		Debug|Any CPU = Debug|Any CPU
		Release|Any CPU = Release|Any CPU
	EndGlobalSection
	GlobalSection(ProjectConfigurationPlatforms) = postSolution
		{2795A0B4-837B-45EA-9101-909E8F020E1A}.Debug|Any CPU.ActiveCfg = Debug|Any CPU
		{2795A0B4-837B-45EA-9101-909E8F020E1A}.Debug|Any CPU.Build.0 = Debug|Any CPU
		{2795A0B4-837B-45EA-9101-909E8F020E1A}.Release|Any CPU.ActiveCfg = Release|Any CPU
		{2795A0B4-837B-45EA-9101-909E8F020E1A}.Release|Any CPU.Build.0 = Release|Any CPU
	EndGlobalSection
	GlobalSection(SolutionProperties) = preSolution
		HideSolutionNode = FALSE
	EndGlobalSection
	GlobalSection(ExtensibilityGlobals) = postSolution
		SolutionGuid = {F254B060-56F7-42C3-B61F-59627E5AC2F8}
	EndGlobalSection
EndGlobal
